// !$*UTF8*$!
{
	archiveVersion = 1;
	classes = {
	};
	objectVersion = 70;
	objects = {

/* Begin PBXBuildFile section */
		111BEA512ECFBF7F0079DD4E /* MacroVisionKit in Frameworks */ = {isa = PBXBuildFile; productRef = 111BEA502ECFBF7F0079DD4E /* MacroVisionKit */; };
		111BEA5F2ED07A340079DD4E /* MacroVisionKit in Frameworks */ = {isa = PBXBuildFile; productRef = 111BEA5E2ED07A340079DD4E /* MacroVisionKit */; };
		111BEA6F2ED166E20079DD4E /* MacroVisionKit in Frameworks */ = {isa = PBXBuildFile; productRef = 111BEA6E2ED166E20079DD4E /* MacroVisionKit */; };
		112B0EB82E30DD0F00562D6C /* MediaRemoteAdapterTestClient in Resources */ = {isa = PBXBuildFile; fileRef = 112B0EB52E30DD0F00562D6C /* MediaRemoteAdapterTestClient */; };
		112B0EB92E30DD0F00562D6C /* mediaremote-adapter.pl in Resources */ = {isa = PBXBuildFile; fileRef = 112B0EB32E30DD0F00562D6C /* mediaremote-adapter.pl */; };
		112B0EBB2E30DD5000562D6C /* MediaRemoteAdapter.framework in Frameworks */ = {isa = PBXBuildFile; fileRef = 112B0EBA2E30DD5000562D6C /* MediaRemoteAdapter.framework */; };
		117AB5172E30E09C00558921 /* MediaRemoteAdapter.framework in Embed Frameworks */ = {isa = PBXBuildFile; fileRef = 112B0EBA2E30DD5000562D6C /* MediaRemoteAdapter.framework */; settings = {ATTRIBUTES = (CodeSignOnCopy, RemoveHeadersOnCopy, ); }; };
		1194E8852EA57D23009C82D6 /* SkyLightWindow in Frameworks */ = {isa = PBXBuildFile; productRef = 1194E8842EA57D23009C82D6 /* SkyLightWindow */; };
		11F748732EC9DA9300F841DB /* Lottie in Frameworks */ = {isa = PBXBuildFile; productRef = 11F748722EC9DA9300F841DB /* Lottie */; };
		14D0321A2C68F32E0096E6A1 /* LaunchAtLogin in Frameworks */ = {isa = PBXBuildFile; productRef = 14D032192C68F32E0096E6A1 /* LaunchAtLogin */; };
		14D0321D2C68F3350096E6A1 /* Sparkle in Frameworks */ = {isa = PBXBuildFile; productRef = 14D0321C2C68F3350096E6A1 /* Sparkle */; };
		9A987A102C73CA8D005CA465 /* Collections in Frameworks */ = {isa = PBXBuildFile; productRef = 9A987A0F2C73CA8D005CA465 /* Collections */; };
		B1628B922CC260C0003D8DF3 /* SwiftUIIntrospect in Frameworks */ = {isa = PBXBuildFile; productRef = B1628B912CC260C0003D8DF3 /* SwiftUIIntrospect */; };
		B18654392C6F4990000B926A /* KeyboardShortcuts in Frameworks */ = {isa = PBXBuildFile; productRef = B18654382C6F4990000B926A /* KeyboardShortcuts */; };
		B19016222CC15B3D00E3F12E /* Defaults in Frameworks */ = {isa = PBXBuildFile; productRef = B19016212CC15B3D00E3F12E /* Defaults */; };
/* End PBXBuildFile section */

/* Begin PBXCopyFilesBuildPhase section */
		B1ECFA062C6FE58A002ACD87 /* Embed Frameworks */ = {
			isa = PBXCopyFilesBuildPhase;
			buildActionMask = 12;
			dstPath = "";
			dstSubfolderSpec = 10;
			files = (
				117AB5172E30E09C00558921 /* MediaRemoteAdapter.framework in Embed Frameworks */,
			);
			name = "Embed Frameworks";
			runOnlyForDeploymentPostprocessing = 0;
		};
/* End PBXCopyFilesBuildPhase section */

/* Begin PBXFileReference section */
		112B0EB32E30DD0F00562D6C /* mediaremote-adapter.pl */ = {isa = PBXFileReference; lastKnownFileType = text.script.perl; path = "mediaremote-adapter.pl"; sourceTree = "<group>"; };
		112B0EB52E30DD0F00562D6C /* MediaRemoteAdapterTestClient */ = {isa = PBXFileReference; lastKnownFileType = "compiled.mach-o.executable"; path = MediaRemoteAdapterTestClient; sourceTree = "<group>"; };
		112B0EBA2E30DD5000562D6C /* MediaRemoteAdapter.framework */ = {isa = PBXFileReference; lastKnownFileType = wrapper.framework; name = MediaRemoteAdapter.framework; path = "mediaremote-adapter/MediaRemoteAdapter.framework"; sourceTree = "<group>"; };
		14CEF4122C5CAED300855D72 /* SimpleNotch.app */ = {isa = PBXFileReference; explicitFileType = wrapper.application; includeInIndex = 0; path = "SimpleNotch.app"; sourceTree = BUILT_PRODUCTS_DIR; };
		14D031ED2C689DB70096E6A1 /* IOKit.framework */ = {isa = PBXFileReference; lastKnownFileType = wrapper.framework; name = IOKit.framework; path = System/Library/Frameworks/IOKit.framework; sourceTree = SDKROOT; };
		14D031EF2C689DC00096E6A1 /* ApplicationServices.framework */ = {isa = PBXFileReference; lastKnownFileType = wrapper.framework; name = ApplicationServices.framework; path = System/Library/Frameworks/ApplicationServices.framework; sourceTree = SDKROOT; };
/* End PBXFileReference section */

/* Begin PBXFileSystemSynchronizedBuildFileExceptionSet section */
		AE5D4E4DBFFC92603421BF3D /* Exceptions for "SimpleNotch" folder in "SimpleNotch" target */ = {
			isa = PBXFileSystemSynchronizedBuildFileExceptionSet;
			membershipExceptions = (
				Info.plist,
			);
			target = 14CEF4112C5CAED300855D72 /* SimpleNotch */;
		};
/* End PBXFileSystemSynchronizedBuildFileExceptionSet section */

/* Begin PBXFileSystemSynchronizedRootGroup section */
		E4FA8C6E937A50C2E3410A43 /* SimpleNotch */ = {
			isa = PBXFileSystemSynchronizedRootGroup;
			exceptions = (
				AE5D4E4DBFFC92603421BF3D /* Exceptions for "SimpleNotch" folder in "SimpleNotch" target */,
			);
			path = SimpleNotch;
			sourceTree = "<group>";
		};
/* End PBXFileSystemSynchronizedRootGroup section */

/* Begin PBXFrameworksBuildPhase section */
		14CEF40F2C5CAED300855D72 /* Frameworks */ = {
			isa = PBXFrameworksBuildPhase;
			buildActionMask = 2147483647;
			files = (
				111BEA5F2ED07A340079DD4E /* MacroVisionKit in Frameworks */,
				9A987A102C73CA8D005CA465 /* Collections in Frameworks */,
				1194E8852EA57D23009C82D6 /* SkyLightWindow in Frameworks */,
				112B0EBB2E30DD5000562D6C /* MediaRemoteAdapter.framework in Frameworks */,
				14D0321D2C68F3350096E6A1 /* Sparkle in Frameworks */,
				111BEA6F2ED166E20079DD4E /* MacroVisionKit in Frameworks */,
				11F748732EC9DA9300F841DB /* Lottie in Frameworks */,
				14D0321A2C68F32E0096E6A1 /* LaunchAtLogin in Frameworks */,
				111BEA512ECFBF7F0079DD4E /* MacroVisionKit in Frameworks */,
				B18654392C6F4990000B926A /* KeyboardShortcuts in Frameworks */,
				B19016222CC15B3D00E3F12E /* Defaults in Frameworks */,
				B1628B922CC260C0003D8DF3 /* SwiftUIIntrospect in Frameworks */,
			);
			runOnlyForDeploymentPostprocessing = 0;
		};
/* End PBXFrameworksBuildPhase section */

/* Begin PBXGroup section */
		112B0EB62E30DD0F00562D6C /* mediaremote-adapter */ = {
			isa = PBXGroup;
			children = (
				112B0EB32E30DD0F00562D6C /* mediaremote-adapter.pl */,
				112B0EB52E30DD0F00562D6C /* MediaRemoteAdapterTestClient */,
			);
			path = "mediaremote-adapter";
			sourceTree = "<group>";
		};
		14CEF4092C5CAED200855D72 = {
			isa = PBXGroup;
			children = (
				112B0EB62E30DD0F00562D6C /* mediaremote-adapter */,
				E4FA8C6E937A50C2E3410A43 /* SimpleNotch */,
				14CEF4132C5CAED300855D72 /* Products */,
				14D031EC2C689DB70096E6A1 /* Frameworks */,
			);
			sourceTree = "<group>";
		};
		14CEF4132C5CAED300855D72 /* Products */ = {
			isa = PBXGroup;
			children = (
				14CEF4122C5CAED300855D72 /* SimpleNotch.app */,
			);
			name = Products;
			sourceTree = "<group>";
		};
		14D031EC2C689DB70096E6A1 /* Frameworks */ = {
			isa = PBXGroup;
			children = (
				14D031EF2C689DC00096E6A1 /* ApplicationServices.framework */,
				14D031ED2C689DB70096E6A1 /* IOKit.framework */,
				112B0EBA2E30DD5000562D6C /* MediaRemoteAdapter.framework */,
			);
			name = Frameworks;
			sourceTree = "<group>";
		};
/* End PBXGroup section */

/* Begin PBXNativeTarget section */
		14CEF4112C5CAED300855D72 /* SimpleNotch */ = {
			isa = PBXNativeTarget;
			buildConfigurationList = 14CEF4212C5CAED400855D72 /* Build configuration list for PBXNativeTarget "SimpleNotch" */;
			buildPhases = (
				14CEF40E2C5CAED300855D72 /* Sources */,
				14CEF40F2C5CAED300855D72 /* Frameworks */,
				14CEF4102C5CAED300855D72 /* Resources */,
				B1ECFA062C6FE58A002ACD87 /* Embed Frameworks */,
			);
			buildRules = (
			);
			dependencies = (
			);
			fileSystemSynchronizedGroups = (
				E4FA8C6E937A50C2E3410A43 /* SimpleNotch */,
			);
			name = SimpleNotch;
			packageProductDependencies = (
				14D032192C68F32E0096E6A1 /* LaunchAtLogin */,
				14D0321C2C68F3350096E6A1 /* Sparkle */,
				B18654382C6F4990000B926A /* KeyboardShortcuts */,
				9A987A0F2C73CA8D005CA465 /* Collections */,
				B19016212CC15B3D00E3F12E /* Defaults */,
				B1628B912CC260C0003D8DF3 /* SwiftUIIntrospect */,
				1194E8842EA57D23009C82D6 /* SkyLightWindow */,
				11F748722EC9DA9300F841DB /* Lottie */,
				111BEA502ECFBF7F0079DD4E /* MacroVisionKit */,
				111BEA5E2ED07A340079DD4E /* MacroVisionKit */,
				111BEA6E2ED166E20079DD4E /* MacroVisionKit */,
			);
			productName = dynamicNotch;
			productReference = 14CEF4122C5CAED300855D72 /* SimpleNotch.app */;
			productType = "com.apple.product-type.application";
		};
/* End PBXNativeTarget section */

/* Begin PBXProject section */
		14CEF40A2C5CAED200855D72 /* Project object */ = {
			isa = PBXProject;
			attributes = {
				BuildIndependentTargetsInParallel = 1;
				LastSwiftUpdateCheck = 1640;
				LastUpgradeCheck = 1640;
				TargetAttributes = {
					14CEF4112C5CAED300855D72 = {
						CreatedOnToolsVersion = 15.4;
						LastSwiftMigration = 1540;
					};
				};
			};
			buildConfigurationList = 14CEF40D2C5CAED200855D72 /* Build configuration list for PBXProject "SimpleNotch" */;
			compatibilityVersion = "Xcode 14.0";
			developmentRegion = en;
			hasScannedForEncodings = 0;
			knownRegions = (
				en,
				ru,
				Base,
			);
			mainGroup = 14CEF4092C5CAED200855D72;
			packageReferences = (
				14D032182C68F32E0096E6A1 /* XCRemoteSwiftPackageReference "LaunchAtLogin-Modern" */,
				14D0321B2C68F3350096E6A1 /* XCRemoteSwiftPackageReference "Sparkle" */,
				B18654372C6F4990000B926A /* XCRemoteSwiftPackageReference "KeyboardShortcuts" */,
				9A987A0E2C73CA8D005CA465 /* XCRemoteSwiftPackageReference "swift-collections" */,
				9A987A112C73CAA1005CA465 /* XCRemoteSwiftPackageReference "Pow" */,
				B19016202CC15B3D00E3F12E /* XCRemoteSwiftPackageReference "Defaults" */,
				B1628B902CC260C0003D8DF3 /* XCRemoteSwiftPackageReference "swiftui-introspect" */,
				1194E8832EA57D23009C82D6 /* XCRemoteSwiftPackageReference "SkyLightWindow" */,
				11F748712EC9DA9300F841DB /* XCRemoteSwiftPackageReference "lottie-spm" */,
				111BEA6D2ED166E20079DD4E /* XCRemoteSwiftPackageReference "MacroVisionKit" */,
			);
			productRefGroup = 14CEF4132C5CAED300855D72 /* Products */;
			projectDirPath = "";
			projectRoot = "";
			targets = (
				14CEF4112C5CAED300855D72 /* SimpleNotch */,
			);
		};
/* End PBXProject section */

/* Begin PBXResourcesBuildPhase section */
		14CEF4102C5CAED300855D72 /* Resources */ = {
			isa = PBXResourcesBuildPhase;
			buildActionMask = 2147483647;
			files = (
				112B0EB82E30DD0F00562D6C /* MediaRemoteAdapterTestClient in Resources */,
				112B0EB92E30DD0F00562D6C /* mediaremote-adapter.pl in Resources */,
			);
			runOnlyForDeploymentPostprocessing = 0;
		};
/* End PBXResourcesBuildPhase section */

/* Begin PBXSourcesBuildPhase section */
		14CEF40E2C5CAED300855D72 /* Sources */ = {
			isa = PBXSourcesBuildPhase;
			buildActionMask = 2147483647;
			files = (
			);
			runOnlyForDeploymentPostprocessing = 0;
		};
/* End PBXSourcesBuildPhase section */

/* Begin XCBuildConfiguration section */
		14CEF41F2C5CAED400855D72 /* Debug */ = {
			isa = XCBuildConfiguration;
			buildSettings = {
				ALWAYS_SEARCH_USER_PATHS = NO;
				ASSETCATALOG_COMPILER_GENERATE_SWIFT_ASSET_SYMBOL_EXTENSIONS = YES;
				CLANG_ANALYZER_NONNULL = YES;
				CLANG_ANALYZER_NUMBER_OBJECT_CONVERSION = YES_AGGRESSIVE;
				CLANG_CXX_LANGUAGE_STANDARD = "gnu++20";
				CLANG_ENABLE_MODULES = YES;
				CLANG_ENABLE_OBJC_ARC = YES;
				CLANG_ENABLE_OBJC_WEAK = YES;
				CLANG_WARN_BLOCK_CAPTURE_AUTORELEASING = YES;
				CLANG_WARN_BOOL_CONVERSION = YES;
				CLANG_WARN_COMMA = YES;
				CLANG_WARN_CONSTANT_CONVERSION = YES;
				CLANG_WARN_DEPRECATED_OBJC_IMPLEMENTATIONS = YES;
				CLANG_WARN_DIRECT_OBJC_ISA_USAGE = YES_ERROR;
				CLANG_WARN_DOCUMENTATION_COMMENTS = YES;
				CLANG_WARN_EMPTY_BODY = YES;
				CLANG_WARN_ENUM_CONVERSION = YES;
				CLANG_WARN_INFINITE_RECURSION = YES;
				CLANG_WARN_INT_CONVERSION = YES;
				CLANG_WARN_NON_LITERAL_NULL_CONVERSION = YES;
				CLANG_WARN_OBJC_IMPLICIT_RETAIN_SELF = YES;
				CLANG_WARN_OBJC_LITERAL_CONVERSION = YES;
				CLANG_WARN_OBJC_ROOT_CLASS = YES_ERROR;
				CLANG_WARN_QUOTED_INCLUDE_IN_FRAMEWORK_HEADER = YES;
				CLANG_WARN_RANGE_LOOP_ANALYSIS = YES;
				CLANG_WARN_STRICT_PROTOTYPES = YES;
				CLANG_WARN_SUSPICIOUS_MOVE = YES;
				CLANG_WARN_UNGUARDED_AVAILABILITY = YES_AGGRESSIVE;
				CLANG_WARN_UNREACHABLE_CODE = YES;
				CLANG_WARN__DUPLICATE_METHOD_MATCH = YES;
				COPY_PHASE_STRIP = NO;
				DEAD_CODE_STRIPPING = YES;
				DEBUG_INFORMATION_FORMAT = dwarf;
				ENABLE_STRICT_OBJC_MSGSEND = YES;
				ENABLE_TESTABILITY = YES;
				ENABLE_USER_SCRIPT_SANDBOXING = YES;
				GCC_C_LANGUAGE_STANDARD = gnu17;
				GCC_DYNAMIC_NO_PIC = NO;
				GCC_NO_COMMON_BLOCKS = YES;
				GCC_OPTIMIZATION_LEVEL = 0;
				GCC_PREPROCESSOR_DEFINITIONS = (
					"DEBUG=1",
					"$(inherited)",
				);
				GCC_WARN_64_TO_32_BIT_CONVERSION = YES;
				GCC_WARN_ABOUT_RETURN_TYPE = YES_ERROR;
				GCC_WARN_UNDECLARED_SELECTOR = YES;
				GCC_WARN_UNINITIALIZED_AUTOS = YES_AGGRESSIVE;
				GCC_WARN_UNUSED_FUNCTION = YES;
				GCC_WARN_UNUSED_VARIABLE = YES;
				LOCALIZATION_PREFERS_STRING_CATALOGS = YES;
				MACOSX_DEPLOYMENT_TARGET = 15.0;
				MTL_ENABLE_DEBUG_INFO = INCLUDE_SOURCE;
				MTL_FAST_MATH = YES;
				ONLY_ACTIVE_ARCH = YES;
				SDKROOT = macosx;
				SWIFT_ACTIVE_COMPILATION_CONDITIONS = "DEBUG $(inherited)";
				SWIFT_OPTIMIZATION_LEVEL = "-Onone";
				SWIFT_STRICT_CONCURRENCY = targeted;
				SWIFT_VERSION = 5.0;
			};
			name = Debug;
		};
		14CEF4202C5CAED400855D72 /* Release */ = {
			isa = XCBuildConfiguration;
			buildSettings = {
				ALWAYS_SEARCH_USER_PATHS = NO;
				ASSETCATALOG_COMPILER_GENERATE_SWIFT_ASSET_SYMBOL_EXTENSIONS = YES;
				CLANG_ANALYZER_NONNULL = YES;
				CLANG_ANALYZER_NUMBER_OBJECT_CONVERSION = YES_AGGRESSIVE;
				CLANG_CXX_LANGUAGE_STANDARD = "gnu++20";
				CLANG_ENABLE_MODULES = YES;
				CLANG_ENABLE_OBJC_ARC = YES;
				CLANG_ENABLE_OBJC_WEAK = YES;
				CLANG_WARN_BLOCK_CAPTURE_AUTORELEASING = YES;
				CLANG_WARN_BOOL_CONVERSION = YES;
				CLANG_WARN_COMMA = YES;
				CLANG_WARN_CONSTANT_CONVERSION = YES;
				CLANG_WARN_DEPRECATED_OBJC_IMPLEMENTATIONS = YES;
				CLANG_WARN_DIRECT_OBJC_ISA_USAGE = YES_ERROR;
				CLANG_WARN_DOCUMENTATION_COMMENTS = YES;
				CLANG_WARN_EMPTY_BODY = YES;
				CLANG_WARN_ENUM_CONVERSION = YES;
				CLANG_WARN_INFINITE_RECURSION = YES;
				CLANG_WARN_INT_CONVERSION = YES;
				CLANG_WARN_NON_LITERAL_NULL_CONVERSION = YES;
				CLANG_WARN_OBJC_IMPLICIT_RETAIN_SELF = YES;
				CLANG_WARN_OBJC_LITERAL_CONVERSION = YES;
				CLANG_WARN_OBJC_ROOT_CLASS = YES_ERROR;
				CLANG_WARN_QUOTED_INCLUDE_IN_FRAMEWORK_HEADER = YES;
				CLANG_WARN_RANGE_LOOP_ANALYSIS = YES;
				CLANG_WARN_STRICT_PROTOTYPES = YES;
				CLANG_WARN_SUSPICIOUS_MOVE = YES;
				CLANG_WARN_UNGUARDED_AVAILABILITY = YES_AGGRESSIVE;
				CLANG_WARN_UNREACHABLE_CODE = YES;
				CLANG_WARN__DUPLICATE_METHOD_MATCH = YES;
				COPY_PHASE_STRIP = NO;
				DEAD_CODE_STRIPPING = YES;
				DEBUG_INFORMATION_FORMAT = "dwarf-with-dsym";
				ENABLE_NS_ASSERTIONS = NO;
				ENABLE_STRICT_OBJC_MSGSEND = YES;
				ENABLE_USER_SCRIPT_SANDBOXING = YES;
				GCC_C_LANGUAGE_STANDARD = gnu17;
				GCC_NO_COMMON_BLOCKS = YES;
				GCC_WARN_64_TO_32_BIT_CONVERSION = YES;
				GCC_WARN_ABOUT_RETURN_TYPE = YES_ERROR;
				GCC_WARN_UNDECLARED_SELECTOR = YES;
				GCC_WARN_UNINITIALIZED_AUTOS = YES_AGGRESSIVE;
				GCC_WARN_UNUSED_FUNCTION = YES;
				GCC_WARN_UNUSED_VARIABLE = YES;
				LOCALIZATION_PREFERS_STRING_CATALOGS = YES;
				MACOSX_DEPLOYMENT_TARGET = 15.0;
				MTL_ENABLE_DEBUG_INFO = NO;
				MTL_FAST_MATH = YES;
				SDKROOT = macosx;
				SWIFT_COMPILATION_MODE = wholemodule;
				SWIFT_STRICT_CONCURRENCY = targeted;
				SWIFT_VERSION = 5.0;
			};
			name = Release;
		};
		14CEF4222C5CAED400855D72 /* Debug */ = {
			isa = XCBuildConfiguration;
			buildSettings = {
				ASSETCATALOG_COMPILER_APPICON_NAME = AppIcon;
				ASSETCATALOG_COMPILER_GLOBAL_ACCENT_COLOR_NAME = AccentColor;
				ASSETCATALOG_COMPILER_INCLUDE_ALL_APPICON_ASSETS = YES;
				CLANG_ENABLE_MODULES = YES;
				CODE_SIGN_ALLOW_ENTITLEMENTS_MODIFICATION = YES;
				CODE_SIGN_ENTITLEMENTS = SimpleNotch/SimpleNotch.entitlements;
				CODE_SIGN_IDENTITY = "Apple Development";
				"CODE_SIGN_IDENTITY[sdk=macosx*]" = "-";
				CODE_SIGN_STYLE = Automatic;
				COMBINE_HIDPI_IMAGES = YES;
				CURRENT_PROJECT_VERSION = 1;
				DEAD_CODE_STRIPPING = YES;
				DEVELOPMENT_ASSET_PATHS = "\"SimpleNotch/Preview Content\"";
				DEVELOPMENT_TEAM = HMBA454DQ4;
				ENABLE_APP_SANDBOX = NO;
				ENABLE_HARDENED_RUNTIME = YES;
				ENABLE_PREVIEWS = YES;
				ENABLE_USER_SCRIPT_SANDBOXING = YES;
				FRAMEWORK_SEARCH_PATHS = (
					"$(inherited)",
					"$(PROJECT_DIR)/mediaremote-adapter",
				);
				GENERATE_INFOPLIST_FILE = YES;
				INFOPLIST_FILE = SimpleNotch/Info.plist;
				INFOPLIST_KEY_CFBundleDisplayName = SimpleNotch;
				INFOPLIST_KEY_CFBundleName = SimpleNotch;
				INFOPLIST_KEY_LSApplicationCategoryType = "public.app-category.utilities";
				INFOPLIST_KEY_LSBackgroundOnly = NO;
				INFOPLIST_KEY_LSUIElement = YES;
				INFOPLIST_KEY_NSAppleEventsUsageDescription = "This app uses AppleEvents to control music";
				INFOPLIST_KEY_NSCalendarsUsageDescription = "This app uses the calendar to display your calendar events";
				INFOPLIST_KEY_NSHumanReadableCopyright = "GPL-3.0. Based on boring.notch by TheBoredTeam.";
				INFOPLIST_KEY_NSRemindersUsageDescription = "This app uses Reminders to display your scheduled reminder in the calendar";
				LD_RUNPATH_SEARCH_PATHS = (
					"$(inherited)",
					"@executable_path/../Frameworks",
				);
				MACOSX_DEPLOYMENT_TARGET = 15.0;
				MARKETING_VERSION = 0.1.0;
				PRODUCT_BUNDLE_IDENTIFIER = io.github.nurikexe.SimpleNotch;
				PRODUCT_NAME = SimpleNotch;
				PROVISIONING_PROFILE_SPECIFIER = "";
				SWIFT_EMIT_LOC_STRINGS = YES;
				SWIFT_STRICT_CONCURRENCY = targeted;
				SWIFT_VERSION = 5.0;
				SYSTEM_FRAMEWORK_SEARCH_PATHS = (
					"$(inherited)",
					"$(SDKROOT)/System/Library/PrivateFrameworks",
				);
			};
			name = Debug;
		};
		14CEF4232C5CAED400855D72 /* Release */ = {
			isa = XCBuildConfiguration;
			buildSettings = {
				ASSETCATALOG_COMPILER_APPICON_NAME = AppIcon;
				ASSETCATALOG_COMPILER_GLOBAL_ACCENT_COLOR_NAME = AccentColor;
				ASSETCATALOG_COMPILER_INCLUDE_ALL_APPICON_ASSETS = YES;
				CLANG_ENABLE_MODULES = YES;
				CODE_SIGN_ALLOW_ENTITLEMENTS_MODIFICATION = YES;
				CODE_SIGN_ENTITLEMENTS = SimpleNotch/SimpleNotch.entitlements;
				CODE_SIGN_IDENTITY = "Apple Development";
				"CODE_SIGN_IDENTITY[sdk=macosx*]" = "-";
				CODE_SIGN_STYLE = Automatic;
				COMBINE_HIDPI_IMAGES = YES;
				CURRENT_PROJECT_VERSION = 1;
				DEAD_CODE_STRIPPING = YES;
				DEVELOPMENT_ASSET_PATHS = "\"SimpleNotch/Preview Content\"";
				DEVELOPMENT_TEAM = HMBA454DQ4;
				ENABLE_APP_SANDBOX = NO;
				ENABLE_HARDENED_RUNTIME = YES;
				ENABLE_PREVIEWS = YES;
				FRAMEWORK_SEARCH_PATHS = (
					"$(inherited)",
					"$(PROJECT_DIR)/mediaremote-adapter",
				);
				GENERATE_INFOPLIST_FILE = YES;
				INFOPLIST_FILE = SimpleNotch/Info.plist;
				INFOPLIST_KEY_CFBundleDisplayName = SimpleNotch;
				INFOPLIST_KEY_CFBundleName = SimpleNotch;
				INFOPLIST_KEY_LSApplicationCategoryType = "public.app-category.utilities";
				INFOPLIST_KEY_LSBackgroundOnly = NO;
				INFOPLIST_KEY_LSUIElement = YES;
				INFOPLIST_KEY_NSAppleEventsUsageDescription = "This app uses AppleEvents to control music";
				INFOPLIST_KEY_NSCalendarsUsageDescription = "This app uses the calendar to display your calendar events";
				INFOPLIST_KEY_NSHumanReadableCopyright = "GPL-3.0. Based on boring.notch by TheBoredTeam.";
				INFOPLIST_KEY_NSRemindersUsageDescription = "This app uses Reminders to display your scheduled reminder in the calendar";
				LD_RUNPATH_SEARCH_PATHS = (
					"$(inherited)",
					"@executable_path/../Frameworks",
				);
				MACOSX_DEPLOYMENT_TARGET = 15.0;
				MARKETING_VERSION = 0.1.0;
				PRODUCT_BUNDLE_IDENTIFIER = io.github.nurikexe.SimpleNotch;
				PRODUCT_NAME = SimpleNotch;
				PROVISIONING_PROFILE_SPECIFIER = "";
				SWIFT_EMIT_LOC_STRINGS = YES;
				SWIFT_STRICT_CONCURRENCY = targeted;
				SWIFT_VERSION = 5.0;
				SYSTEM_FRAMEWORK_SEARCH_PATHS = (
					"$(inherited)",
					"$(SDKROOT)/System/Library/PrivateFrameworks",
				);
			};
			name = Release;
		};
/* End XCBuildConfiguration section */

/* Begin XCConfigurationList section */
		14CEF40D2C5CAED200855D72 /* Build configuration list for PBXProject "SimpleNotch" */ = {
			isa = XCConfigurationList;
			buildConfigurations = (
				14CEF41F2C5CAED400855D72 /* Debug */,
				14CEF4202C5CAED400855D72 /* Release */,
			);
			defaultConfigurationIsVisible = 0;
			defaultConfigurationName = Release;
		};
		14CEF4212C5CAED400855D72 /* Build configuration list for PBXNativeTarget "SimpleNotch" */ = {
			isa = XCConfigurationList;
			buildConfigurations = (
				14CEF4222C5CAED400855D72 /* Debug */,
				14CEF4232C5CAED400855D72 /* Release */,
			);
			defaultConfigurationIsVisible = 0;
			defaultConfigurationName = Release;
		};
/* End XCConfigurationList section */

/* Begin XCRemoteSwiftPackageReference section */
		111BEA6D2ED166E20079DD4E /* XCRemoteSwiftPackageReference "MacroVisionKit" */ = {
			isa = XCRemoteSwiftPackageReference;
			repositoryURL = "https://github.com/TheBoredTeam/MacroVisionKit";
			requirement = {
				kind = upToNextMajorVersion;
				minimumVersion = 0.2.0;
			};
		};
		1194E8832EA57D23009C82D6 /* XCRemoteSwiftPackageReference "SkyLightWindow" */ = {
			isa = XCRemoteSwiftPackageReference;
			repositoryURL = "https://github.com/Lakr233/SkyLightWindow";
			requirement = {
				kind = upToNextMajorVersion;
				minimumVersion = 1.0.0;
			};
		};
		11F748712EC9DA9300F841DB /* XCRemoteSwiftPackageReference "lottie-spm" */ = {
			isa = XCRemoteSwiftPackageReference;
			repositoryURL = "https://github.com/airbnb/lottie-spm.git";
			requirement = {
				kind = upToNextMajorVersion;
				minimumVersion = 4.5.2;
			};
		};
		14D032182C68F32E0096E6A1 /* XCRemoteSwiftPackageReference "LaunchAtLogin-Modern" */ = {
			isa = XCRemoteSwiftPackageReference;
			repositoryURL = "https://github.com/sindresorhus/LaunchAtLogin-Modern";
			requirement = {
				kind = upToNextMajorVersion;
				minimumVersion = 1.1.0;
			};
		};
		14D0321B2C68F3350096E6A1 /* XCRemoteSwiftPackageReference "Sparkle" */ = {
			isa = XCRemoteSwiftPackageReference;
			repositoryURL = "https://github.com/sparkle-project/Sparkle";
			requirement = {
				kind = exactVersion;
				version = 2.9.1;
			};
		};
		9A987A0E2C73CA8D005CA465 /* XCRemoteSwiftPackageReference "swift-collections" */ = {
			isa = XCRemoteSwiftPackageReference;
			repositoryURL = "https://github.com/apple/swift-collections.git";
			requirement = {
				kind = upToNextMajorVersion;
				minimumVersion = 1.1.2;
			};
		};
		9A987A112C73CAA1005CA465 /* XCRemoteSwiftPackageReference "Pow" */ = {
			isa = XCRemoteSwiftPackageReference;
			repositoryURL = "https://github.com/EmergeTools/Pow";
			requirement = {
				kind = upToNextMajorVersion;
				minimumVersion = 1.0.4;
			};
		};
		B1628B902CC260C0003D8DF3 /* XCRemoteSwiftPackageReference "swiftui-introspect" */ = {
			isa = XCRemoteSwiftPackageReference;
			repositoryURL = "https://github.com/siteline/swiftui-introspect";
			requirement = {
				kind = upToNextMajorVersion;
				minimumVersion = 1.3.0;
			};
		};
		B18654372C6F4990000B926A /* XCRemoteSwiftPackageReference "KeyboardShortcuts" */ = {
			isa = XCRemoteSwiftPackageReference;
			repositoryURL = "https://github.com/sindresorhus/KeyboardShortcuts";
			requirement = {
				kind = upToNextMajorVersion;
				minimumVersion = 2.2.4;
			};
		};
		B19016202CC15B3D00E3F12E /* XCRemoteSwiftPackageReference "Defaults" */ = {
			isa = XCRemoteSwiftPackageReference;
			repositoryURL = "https://github.com/sindresorhus/Defaults";
			requirement = {
				kind = upToNextMajorVersion;
				minimumVersion = 9.0.2;
			};
		};
/* End XCRemoteSwiftPackageReference section */

/* Begin XCSwiftPackageProductDependency section */
		111BEA502ECFBF7F0079DD4E /* MacroVisionKit */ = {
			isa = XCSwiftPackageProductDependency;
			productName = MacroVisionKit;
		};
		111BEA5E2ED07A340079DD4E /* MacroVisionKit */ = {
			isa = XCSwiftPackageProductDependency;
			productName = MacroVisionKit;
		};
		111BEA6E2ED166E20079DD4E /* MacroVisionKit */ = {
			isa = XCSwiftPackageProductDependency;
			package = 111BEA6D2ED166E20079DD4E /* XCRemoteSwiftPackageReference "MacroVisionKit" */;
			productName = MacroVisionKit;
		};
		1194E8842EA57D23009C82D6 /* SkyLightWindow */ = {
			isa = XCSwiftPackageProductDependency;
			package = 1194E8832EA57D23009C82D6 /* XCRemoteSwiftPackageReference "SkyLightWindow" */;
			productName = SkyLightWindow;
		};
		11F748722EC9DA9300F841DB /* Lottie */ = {
			isa = XCSwiftPackageProductDependency;
			package = 11F748712EC9DA9300F841DB /* XCRemoteSwiftPackageReference "lottie-spm" */;
			productName = Lottie;
		};
		14D032192C68F32E0096E6A1 /* LaunchAtLogin */ = {
			isa = XCSwiftPackageProductDependency;
			package = 14D032182C68F32E0096E6A1 /* XCRemoteSwiftPackageReference "LaunchAtLogin-Modern" */;
			productName = LaunchAtLogin;
		};
		14D0321C2C68F3350096E6A1 /* Sparkle */ = {
			isa = XCSwiftPackageProductDependency;
			package = 14D0321B2C68F3350096E6A1 /* XCRemoteSwiftPackageReference "Sparkle" */;
			productName = Sparkle;
		};
		9A987A0F2C73CA8D005CA465 /* Collections */ = {
			isa = XCSwiftPackageProductDependency;
			package = 9A987A0E2C73CA8D005CA465 /* XCRemoteSwiftPackageReference "swift-collections" */;
			productName = Collections;
		};
		B1628B912CC260C0003D8DF3 /* SwiftUIIntrospect */ = {
			isa = XCSwiftPackageProductDependency;
			package = B1628B902CC260C0003D8DF3 /* XCRemoteSwiftPackageReference "swiftui-introspect" */;
			productName = SwiftUIIntrospect;
		};
		B18654382C6F4990000B926A /* KeyboardShortcuts */ = {
			isa = XCSwiftPackageProductDependency;
			package = B18654372C6F4990000B926A /* XCRemoteSwiftPackageReference "KeyboardShortcuts" */;
			productName = KeyboardShortcuts;
		};
		B19016212CC15B3D00E3F12E /* Defaults */ = {
			isa = XCSwiftPackageProductDependency;
			package = B19016202CC15B3D00E3F12E /* XCRemoteSwiftPackageReference "Defaults" */;
			productName = Defaults;
		};
/* End XCSwiftPackageProductDependency section */
	};
	rootObject = 14CEF40A2C5CAED200855D72 /* Project object */;
}
